
Microsoft Visual Studio Solution File, Format Version 12.00
# Visual Studio Version 16
VisualStudioVersion = 16.0.29306.81
MinimumVisualStudioVersion = 10.0.40219.1
Project("{FAE04EC0-301F-11D3-BF4B-00C04F79EFBC}") = "tws2uni", "tws2uni.csproj", "{C8E7E355-8CA4-493E-81EE-745C80F58EB5}"
EndProject
Project("{9A19103F-16F7-4668-BE54-9A1E7A4F7556}") = "CSharpAPI", "..\csharpclient\client\CSharpAPI.csproj", "{EC2CF075-A887-428E-B2D9-32D48DFCCDFB}"
EndProject
Global
	GlobalSection(SolutionConfigurationPlatforms) = preSolution
		Debug|Any CPU = Debug|Any CPU
		Release|Any CPU = Release|Any CPU
	EndGlobalSection
	GlobalSection(ProjectConfigurationPlatforms) = postSolution
		{C8E7E355-8CA4-493E-81EE-745C80F58EB5}.Debug|Any CPU.ActiveCfg = Debug|Any CPU
		{C8E7E355-8CA4-493E-81EE-745C80F58EB5}.Debug|Any CPU.Build.0 = Debug|Any CPU
		{C8E7E355-8CA4-493E-81EE-745C80F58EB5}.Release|Any CPU.ActiveCfg = Release|Any CPU
		{C8E7E355-8CA4-493E-81EE-745C80F58EB5}.Release|Any CPU.Build.0 = Release|Any CPU
		{EC2CF075-A887-428E-B2D9-32D48DFCCDFB}.Debug|Any CPU.ActiveCfg = Debug|Any CPU
		{EC2CF075-A887-428E-B2D9-32D48DFCCDFB}.Debug|Any CPU.Build.0 = Debug|Any CPU
		{EC2CF075-A887-428E-B2D9-32D48DFCCDFB}.Release|Any CPU.ActiveCfg = Release|Any CPU
		{EC2CF075-A887-428E-B2D9-32D48DFCCDFB}.Release|Any CPU.Build.0 = Release|Any CPU
	EndGlobalSection
	GlobalSection(SolutionProperties) = preSolution
		HideSolutionNode = FALSE
	EndGlobalSection
	GlobalSection(ExtensibilityGlobals) = postSolution
		SolutionGuid = {CFEE2B72-FF9B-4BD4-8DAC-E61F7D59F51A}
	EndGlobalSection
EndGlobal
